
Microsoft Visual Studio Solution File, Format Version 12.00
# Visual Studio Version 17
VisualStudioVersion = 17.12.35707.178
MinimumVisualStudioVersion = 10.0.40219.1
Project("{FAE04EC0-301F-11D3-BF4B-00C04F79EFBC}") = "FruitVegStore", "FruitVegStore\FruitVegStore.csproj", "{0591CC32-EB67-4630-8300-DF61874F932B}"
EndProject
Project("{FAE04EC0-301F-11D3-BF4B-00C04F79EFBC}") = "FruitVegAdminPanel", "..\..\..\OneDrive\Работен плот\New folder (6)\FruitVegAdminPanel.csproj", "{3FA90FAB-FBCF-4960-B458-67ED2BBA6B73}"
EndProject
Global
	GlobalSection(SolutionConfigurationPlatforms) = preSolution
		Debug|Any CPU = Debug|Any CPU
		Release|Any CPU = Release|Any CPU
	EndGlobalSection
	GlobalSection(ProjectConfigurationPlatforms) = postSolution
		{0591CC32-EB67-4630-8300-DF61874F932B}.Debug|Any CPU.ActiveCfg = Debug|Any CPU
		{0591CC32-EB67-4630-8300-DF61874F932B}.Debug|Any CPU.Build.0 = Debug|Any CPU
		{0591CC32-EB67-4630-8300-DF61874F932B}.Release|Any CPU.ActiveCfg = Release|Any CPU
		{0591CC32-EB67-4630-8300-DF61874F932B}.Release|Any CPU.Build.0 = Release|Any CPU
		{3FA90FAB-FBCF-4960-B458-67ED2BBA6B73}.Debug|Any CPU.ActiveCfg = Debug|Any CPU
		{3FA90FAB-FBCF-4960-B458-67ED2BBA6B73}.Debug|Any CPU.Build.0 = Debug|Any CPU
		{3FA90FAB-FBCF-4960-B458-67ED2BBA6B73}.Release|Any CPU.ActiveCfg = Release|Any CPU
		{3FA90FAB-FBCF-4960-B458-67ED2BBA6B73}.Release|Any CPU.Build.0 = Release|Any CPU
	EndGlobalSection
	GlobalSection(SolutionProperties) = preSolution
		HideSolutionNode = FALSE
	EndGlobalSection
EndGlobal
